
Microsoft Visual Studio Solution File, Format Version 12.00
# Visual Studio Version 17
VisualStudioVersion = 17.3.32804.467
MinimumVisualStudioVersion = 10.0.40219.1
Project("{9A19103F-16F7-4668-BE54-9A1E7A4F7556}") = "MedicineHelperAppMVC", "MedicineHelperApp\MedicineHelperAppMVC.csproj", "{7F073A50-7255-4298-A239-C65D4F443118}"
EndProject
Project("{9A19103F-16F7-4668-BE54-9A1E7A4F7556}") = "MedicineHelper.DataBase", "MedicineHelper.DataBase\MedicineHelper.DataBase.csproj", "{1199897C-183C-4BEC-87D0-B2B43802CCAD}"
EndProject
Project("{9A19103F-16F7-4668-BE54-9A1E7A4F7556}") = "MedicineHelper.Business", "MedicineHelper.Business\MedicineHelper.Business.csproj", "{3E33583C-40E3-49A1-91CD-87ABF1F22325}"
EndProject
Project("{9A19103F-16F7-4668-BE54-9A1E7A4F7556}") = "MedicineHelper.Core", "MedicineHelper.Core\MedicineHelper.Core.csproj", "{5B87F059-760B-48B3-B27B-A5DCFC50C528}"
EndProject
Project("{9A19103F-16F7-4668-BE54-9A1E7A4F7556}") = "MedicineHelper.Data.Repositories", "MedicineHelper.Data.Repositories\MedicineHelper.Data.Repositories.csproj", "{8B27B905-E735-4733-A47B-9004B38BBF33}"
EndProject
Project("{9A19103F-16F7-4668-BE54-9A1E7A4F7556}") = "MedicineHelper.Data.Abstractions", "MedicineHelper.Data.Abstractions\MedicineHelper.Data.Abstractions.csproj", "{2BD3F540-C2EE-4141-BF8C-C8144C706E76}"
EndProject
Project("{9A19103F-16F7-4668-BE54-9A1E7A4F7556}") = "MedicineHelperWebAPI", "MedicineHelperAPI\MedicineHelperWebAPI.csproj", "{FA4872FF-500B-4C55-BBD0-C2243B677C3E}"
EndProject
Project("{9A19103F-16F7-4668-BE54-9A1E7A4F7556}") = "MedicineHelper.Data.CQS", "MedicineHelper.Data.CQS\MedicineHelper.Data.CQS.csproj", "{93C5DEF6-044B-44DF-BAB1-FF1CEAED35EA}"
EndProject
Global
	GlobalSection(SolutionConfigurationPlatforms) = preSolution
		Debug|Any CPU = Debug|Any CPU
		Release|Any CPU = Release|Any CPU
	EndGlobalSection
	GlobalSection(ProjectConfigurationPlatforms) = postSolution
		{7F073A50-7255-4298-A239-C65D4F443118}.Debug|Any CPU.ActiveCfg = Debug|Any CPU
		{7F073A50-7255-4298-A239-C65D4F443118}.Debug|Any CPU.Build.0 = Debug|Any CPU
		{7F073A50-7255-4298-A239-C65D4F443118}.Release|Any CPU.ActiveCfg = Release|Any CPU
		{7F073A50-7255-4298-A239-C65D4F443118}.Release|Any CPU.Build.0 = Release|Any CPU
		{1199897C-183C-4BEC-87D0-B2B43802CCAD}.Debug|Any CPU.ActiveCfg = Debug|Any CPU
		{1199897C-183C-4BEC-87D0-B2B43802CCAD}.Debug|Any CPU.Build.0 = Debug|Any CPU
		{1199897C-183C-4BEC-87D0-B2B43802CCAD}.Release|Any CPU.ActiveCfg = Release|Any CPU
		{1199897C-183C-4BEC-87D0-B2B43802CCAD}.Release|Any CPU.Build.0 = Release|Any CPU
		{3E33583C-40E3-49A1-91CD-87ABF1F22325}.Debug|Any CPU.ActiveCfg = Debug|Any CPU
		{3E33583C-40E3-49A1-91CD-87ABF1F22325}.Debug|Any CPU.Build.0 = Debug|Any CPU
		{3E33583C-40E3-49A1-91CD-87ABF1F22325}.Release|Any CPU.ActiveCfg = Release|Any CPU
		{3E33583C-40E3-49A1-91CD-87ABF1F22325}.Release|Any CPU.Build.0 = Release|Any CPU
		{5B87F059-760B-48B3-B27B-A5DCFC50C528}.Debug|Any CPU.ActiveCfg = Debug|Any CPU
		{5B87F059-760B-48B3-B27B-A5DCFC50C528}.Debug|Any CPU.Build.0 = Debug|Any CPU
		{5B87F059-760B-48B3-B27B-A5DCFC50C528}.Release|Any CPU.ActiveCfg = Release|Any CPU
		{5B87F059-760B-48B3-B27B-A5DCFC50C528}.Release|Any CPU.Build.0 = Release|Any CPU
		{8B27B905-E735-4733-A47B-9004B38BBF33}.Debug|Any CPU.ActiveCfg = Debug|Any CPU
		{8B27B905-E735-4733-A47B-9004B38BBF33}.Debug|Any CPU.Build.0 = Debug|Any CPU
		{8B27B905-E735-4733-A47B-9004B38BBF33}.Release|Any CPU.ActiveCfg = Release|Any CPU
		{8B27B905-E735-4733-A47B-9004B38BBF33}.Release|Any CPU.Build.0 = Release|Any CPU
		{2BD3F540-C2EE-4141-BF8C-C8144C706E76}.Debug|Any CPU.ActiveCfg = Debug|Any CPU
		{2BD3F540-C2EE-4141-BF8C-C8144C706E76}.Debug|Any CPU.Build.0 = Debug|Any CPU
		{2BD3F540-C2EE-4141-BF8C-C8144C706E76}.Release|Any CPU.ActiveCfg = Release|Any CPU
		{2BD3F540-C2EE-4141-BF8C-C8144C706E76}.Release|Any CPU.Build.0 = Release|Any CPU
		{FA4872FF-500B-4C55-BBD0-C2243B677C3E}.Debug|Any CPU.ActiveCfg = Debug|Any CPU
		{FA4872FF-500B-4C55-BBD0-C2243B677C3E}.Debug|Any CPU.Build.0 = Debug|Any CPU
		{FA4872FF-500B-4C55-BBD0-C2243B677C3E}.Release|Any CPU.ActiveCfg = Release|Any CPU
		{FA4872FF-500B-4C55-BBD0-C2243B677C3E}.Release|Any CPU.Build.0 = Release|Any CPU
		{93C5DEF6-044B-44DF-BAB1-FF1CEAED35EA}.Debug|Any CPU.ActiveCfg = Debug|Any CPU
		{93C5DEF6-044B-44DF-BAB1-FF1CEAED35EA}.Debug|Any CPU.Build.0 = Debug|Any CPU
		{93C5DEF6-044B-44DF-BAB1-FF1CEAED35EA}.Release|Any CPU.ActiveCfg = Release|Any CPU
		{93C5DEF6-044B-44DF-BAB1-FF1CEAED35EA}.Release|Any CPU.Build.0 = Release|Any CPU
	EndGlobalSection
	GlobalSection(SolutionProperties) = preSolution
		HideSolutionNode = FALSE
	EndGlobalSection
	GlobalSection(ExtensibilityGlobals) = postSolution
		SolutionGuid = {253EC7EA-A0C9-47DB-8308-B2A331BAA227}
	EndGlobalSection
EndGlobal
